
Microsoft Visual Studio Solution File, Format Version 12.00
# Visual Studio Version 16
VisualStudioVersion = 16.0.29728.190
MinimumVisualStudioVersion = 10.0.40219.1
Project("{FAE04EC0-301F-11D3-BF4B-00C04F79EFBC}") = "glTF2Validator", "glTF2Validator.csproj", "{23B861FB-AC5B-4F01-93A0-833E2D6115A6}"
EndProject
Global
	GlobalSection(SolutionConfigurationPlatforms) = preSolution
		Debug|Any CPU = Debug|Any CPU
		Release|Any CPU = Release|Any CPU
	EndGlobalSection
	GlobalSection(ProjectConfigurationPlatforms) = postSolution
		{23B861FB-AC5B-4F01-93A0-833E2D6115A6}.Debug|Any CPU.ActiveCfg = Debug|Any CPU
		{23B861FB-AC5B-4F01-93A0-833E2D6115A6}.Debug|Any CPU.Build.0 = Debug|Any CPU
		{23B861FB-AC5B-4F01-93A0-833E2D6115A6}.Release|Any CPU.ActiveCfg = Release|Any CPU
		{23B861FB-AC5B-4F01-93A0-833E2D6115A6}.Release|Any CPU.Build.0 = Release|Any CPU
	EndGlobalSection
	GlobalSection(SolutionProperties) = preSolution
		HideSolutionNode = FALSE
	EndGlobalSection
	GlobalSection(ExtensibilityGlobals) = postSolution
		SolutionGuid = {AACDACB0-9EC4-4195-A00D-54688E633E03}
	EndGlobalSection
EndGlobal
